// !$*UTF8*$!
{
	archiveVersion = 1;
	classes = {
	};
	objectVersion = 77;
	objects = {

/* Begin PBXBuildFile section */
		9C6303B92DD4AF3000301A9C /* QRCode in Frameworks */ = {isa = PBXBuildFile; productRef = 9C6303B82DD4AF3000301A9C /* QRCode */; };
		9CCF23F62DCF488200891AD1 /* Auth in Frameworks */ = {isa = PBXBuildFile; productRef = 9CCF23F52DCF488200891AD1 /* Auth */; };
		9CCF23F82DCF488200891AD1 /* Realtime in Frameworks */ = {isa = PBXBuildFile; productRef = 9CCF23F72DCF488200891AD1 /* Realtime */; };
		9CCF23FA2DCF488200891AD1 /* Supabase in Frameworks */ = {isa = PBXBuildFile; productRef = 9CCF23F92DCF488200891AD1 /* Supabase */; };
/* End PBXBuildFile section */

/* Begin PBXFileReference section */
		9CCF23E22DCF455400891AD1 /* Navsight.app */ = {isa = PBXFileReference; explicitFileType = wrapper.application; includeInIndex = 0; path = Navsight.app; sourceTree = BUILT_PRODUCTS_DIR; };
/* End PBXFileReference section */

/* Begin PBXFileSystemSynchronizedBuildFileExceptionSet section */
		9CCF23FF2DD0EA5800891AD1 /* Exceptions for "Navsight" folder in "Navsight" target */ = {
			isa = PBXFileSystemSynchronizedBuildFileExceptionSet;
			membershipExceptions = (
				Info.plist,
			);
			target = 9CCF23E12DCF455400891AD1 /* Navsight */;
		};
/* End PBXFileSystemSynchronizedBuildFileExceptionSet section */

/* Begin PBXFileSystemSynchronizedRootGroup section */
		9CCF23E42DCF455400891AD1 /* Navsight */ = {
			isa = PBXFileSystemSynchronizedRootGroup;
			exceptions = (
				9CCF23FF2DD0EA5800891AD1 /* Exceptions for "Navsight" folder in "Navsight" target */,
			);
			path = Navsight;
			sourceTree = "<group>";
		};
/* End PBXFileSystemSynchronizedRootGroup section */

/* Begin PBXFrameworksBuildPhase section */
		9CCF23DF2DCF455400891AD1 /* Frameworks */ = {
			isa = PBXFrameworksBuildPhase;
			buildActionMask = 2147483647;
			files = (
				9C6303B92DD4AF3000301A9C /* QRCode in Frameworks */,
				9CCF23F62DCF488200891AD1 /* Auth in Frameworks */,
				9CCF23F82DCF488200891AD1 /* Realtime in Frameworks */,
				9CCF23FA2DCF488200891AD1 /* Supabase in Frameworks */,
			);
			runOnlyForDeploymentPostprocessing = 0;
		};
/* End PBXFrameworksBuildPhase section */

/* Begin PBXGroup section */
		9CCF23D92DCF455400891AD1 = {
			isa = PBXGroup;
			children = (
				9CCF23E42DCF455400891AD1 /* Navsight */,
				9CCF23E32DCF455400891AD1 /* Products */,
			);
			sourceTree = "<group>";
		};
		9CCF23E32DCF455400891AD1 /* Products */ = {
			isa = PBXGroup;
			children = (
				9CCF23E22DCF455400891AD1 /* Navsight.app */,
			);
			name = Products;
			sourceTree = "<group>";
		};
/* End PBXGroup section */

/* Begin PBXNativeTarget section */
		9CCF23E12DCF455400891AD1 /* Navsight */ = {
			isa = PBXNativeTarget;
			buildConfigurationList = 9CCF23F02DCF455500891AD1 /* Build configuration list for PBXNativeTarget "Navsight" */;
			buildPhases = (
				9CCF23DE2DCF455400891AD1 /* Sources */,
				9CCF23DF2DCF455400891AD1 /* Frameworks */,
				9CCF23E02DCF455400891AD1 /* Resources */,
			);
			buildRules = (
			);
			dependencies = (
			);
			fileSystemSynchronizedGroups = (
				9CCF23E42DCF455400891AD1 /* Navsight */,
			);
			name = Navsight;
			packageProductDependencies = (
				9CCF23F52DCF488200891AD1 /* Auth */,
				9CCF23F72DCF488200891AD1 /* Realtime */,
				9CCF23F92DCF488200891AD1 /* Supabase */,
				9C6303B82DD4AF3000301A9C /* QRCode */,
			);
			productName = Navsight;
			productReference = 9CCF23E22DCF455400891AD1 /* Navsight.app */;
			productType = "com.apple.product-type.application";
		};
/* End PBXNativeTarget section */

/* Begin PBXProject section */
		9CCF23DA2DCF455400891AD1 /* Project object */ = {
			isa = PBXProject;
			attributes = {
				BuildIndependentTargetsInParallel = 1;
				LastSwiftUpdateCheck = 1600;
				LastUpgradeCheck = 1600;
				TargetAttributes = {
					9CCF23E12DCF455400891AD1 = {
						CreatedOnToolsVersion = 16.0;
					};
				};
			};
			buildConfigurationList = 9CCF23DD2DCF455400891AD1 /* Build configuration list for PBXProject "Navsight" */;
			developmentRegion = en;
			hasScannedForEncodings = 0;
			knownRegions = (
				en,
				Base,
			);
			mainGroup = 9CCF23D92DCF455400891AD1;
			minimizedProjectReferenceProxies = 1;
			packageReferences = (
				9CCF23F42DCF488200891AD1 /* XCRemoteSwiftPackageReference "supabase-swift" */,
				9C6303B72DD4AF3000301A9C /* XCRemoteSwiftPackageReference "QRCode" */,
			);
			preferredProjectObjectVersion = 77;
			productRefGroup = 9CCF23E32DCF455400891AD1 /* Products */;
			projectDirPath = "";
			projectRoot = "";
			targets = (
				9CCF23E12DCF455400891AD1 /* Navsight */,
			);
		};
/* End PBXProject section */

/* Begin PBXResourcesBuildPhase section */
		9CCF23E02DCF455400891AD1 /* Resources */ = {
			isa = PBXResourcesBuildPhase;
			buildActionMask = 2147483647;
			files = (
			);
			runOnlyForDeploymentPostprocessing = 0;
		};
/* End PBXResourcesBuildPhase section */

/* Begin PBXSourcesBuildPhase section */
		9CCF23DE2DCF455400891AD1 /* Sources */ = {
			isa = PBXSourcesBuildPhase;
			buildActionMask = 2147483647;
			files = (
			);
			runOnlyForDeploymentPostprocessing = 0;
		};
/* End PBXSourcesBuildPhase section */

/* Begin XCBuildConfiguration section */
		9CCF23EE2DCF455500891AD1 /* Debug */ = {
			isa = XCBuildConfiguration;
			buildSettings = {
				ALWAYS_SEARCH_USER_PATHS = NO;
				ASSETCATALOG_COMPILER_GENERATE_SWIFT_ASSET_SYMBOL_EXTENSIONS = YES;
				CLANG_ANALYZER_NONNULL = YES;
				CLANG_ANALYZER_NUMBER_OBJECT_CONVERSION = YES_AGGRESSIVE;
				CLANG_CXX_LANGUAGE_STANDARD = "gnu++20";
				CLANG_ENABLE_MODULES = YES;
				CLANG_ENABLE_OBJC_ARC = YES;
				CLANG_ENABLE_OBJC_WEAK = YES;
				CLANG_WARN_BLOCK_CAPTURE_AUTORELEASING = YES;
				CLANG_WARN_BOOL_CONVERSION = YES;
				CLANG_WARN_COMMA = YES;
				CLANG_WARN_CONSTANT_CONVERSION = YES;
				CLANG_WARN_DEPRECATED_OBJC_IMPLEMENTATIONS = YES;
				CLANG_WARN_DIRECT_OBJC_ISA_USAGE = YES_ERROR;
				CLANG_WARN_DOCUMENTATION_COMMENTS = YES;
				CLANG_WARN_EMPTY_BODY = YES;
				CLANG_WARN_ENUM_CONVERSION = YES;
				CLANG_WARN_INFINITE_RECURSION = YES;
				CLANG_WARN_INT_CONVERSION = YES;
				CLANG_WARN_NON_LITERAL_NULL_CONVERSION = YES;
				CLANG_WARN_OBJC_IMPLICIT_RETAIN_SELF = YES;
				CLANG_WARN_OBJC_LITERAL_CONVERSION = YES;
				CLANG_WARN_OBJC_ROOT_CLASS = YES_ERROR;
				CLANG_WARN_QUOTED_INCLUDE_IN_FRAMEWORK_HEADER = YES;
				CLANG_WARN_RANGE_LOOP_ANALYSIS = YES;
				CLANG_WARN_STRICT_PROTOTYPES = YES;
				CLANG_WARN_SUSPICIOUS_MOVE = YES;
				CLANG_WARN_UNGUARDED_AVAILABILITY = YES_AGGRESSIVE;
				CLANG_WARN_UNREACHABLE_CODE = YES;
				CLANG_WARN__DUPLICATE_METHOD_MATCH = YES;
				COPY_PHASE_STRIP = NO;
				DEBUG_INFORMATION_FORMAT = dwarf;
				ENABLE_STRICT_OBJC_MSGSEND = YES;
				ENABLE_TESTABILITY = YES;
				ENABLE_USER_SCRIPT_SANDBOXING = YES;
				GCC_C_LANGUAGE_STANDARD = gnu17;
				GCC_DYNAMIC_NO_PIC = NO;
				GCC_NO_COMMON_BLOCKS = YES;
				GCC_OPTIMIZATION_LEVEL = 0;
				GCC_PREPROCESSOR_DEFINITIONS = (
					"DEBUG=1",
					"$(inherited)",
				);
				GCC_WARN_64_TO_32_BIT_CONVERSION = YES;
				GCC_WARN_ABOUT_RETURN_TYPE = YES_ERROR;
				GCC_WARN_UNDECLARED_SELECTOR = YES;
				GCC_WARN_UNINITIALIZED_AUTOS = YES_AGGRESSIVE;
				GCC_WARN_UNUSED_FUNCTION = YES;
				GCC_WARN_UNUSED_VARIABLE = YES;
				IPHONEOS_DEPLOYMENT_TARGET = 18.0;
				LOCALIZATION_PREFERS_STRING_CATALOGS = YES;
				MTL_ENABLE_DEBUG_INFO = INCLUDE_SOURCE;
				MTL_FAST_MATH = YES;
				ONLY_ACTIVE_ARCH = YES;
				SDKROOT = iphoneos;
				SWIFT_ACTIVE_COMPILATION_CONDITIONS = "DEBUG $(inherited)";
				SWIFT_OPTIMIZATION_LEVEL = "-Onone";
			};
			name = Debug;
		};
		9CCF23EF2DCF455500891AD1 /* Release */ = {
			isa = XCBuildConfiguration;
			buildSettings = {
				ALWAYS_SEARCH_USER_PATHS = NO;
				ASSETCATALOG_COMPILER_GENERATE_SWIFT_ASSET_SYMBOL_EXTENSIONS = YES;
				CLANG_ANALYZER_NONNULL = YES;
				CLANG_ANALYZER_NUMBER_OBJECT_CONVERSION = YES_AGGRESSIVE;
				CLANG_CXX_LANGUAGE_STANDARD = "gnu++20";
				CLANG_ENABLE_MODULES = YES;
				CLANG_ENABLE_OBJC_ARC = YES;
				CLANG_ENABLE_OBJC_WEAK = YES;
				CLANG_WARN_BLOCK_CAPTURE_AUTORELEASING = YES;
				CLANG_WARN_BOOL_CONVERSION = YES;
				CLANG_WARN_COMMA = YES;
				CLANG_WARN_CONSTANT_CONVERSION = YES;
				CLANG_WARN_DEPRECATED_OBJC_IMPLEMENTATIONS = YES;
				CLANG_WARN_DIRECT_OBJC_ISA_USAGE = YES_ERROR;
				CLANG_WARN_DOCUMENTATION_COMMENTS = YES;
				CLANG_WARN_EMPTY_BODY = YES;
				CLANG_WARN_ENUM_CONVERSION = YES;
				CLANG_WARN_INFINITE_RECURSION = YES;
				CLANG_WARN_INT_CONVERSION = YES;
				CLANG_WARN_NON_LITERAL_NULL_CONVERSION = YES;
				CLANG_WARN_OBJC_IMPLICIT_RETAIN_SELF = YES;
				CLANG_WARN_OBJC_LITERAL_CONVERSION = YES;
				CLANG_WARN_OBJC_ROOT_CLASS = YES_ERROR;
				CLANG_WARN_QUOTED_INCLUDE_IN_FRAMEWORK_HEADER = YES;
				CLANG_WARN_RANGE_LOOP_ANALYSIS = YES;
				CLANG_WARN_STRICT_PROTOTYPES = YES;
				CLANG_WARN_SUSPICIOUS_MOVE = YES;
				CLANG_WARN_UNGUARDED_AVAILABILITY = YES_AGGRESSIVE;
				CLANG_WARN_UNREACHABLE_CODE = YES;
				CLANG_WARN__DUPLICATE_METHOD_MATCH = YES;
				COPY_PHASE_STRIP = NO;
				DEBUG_INFORMATION_FORMAT = "dwarf-with-dsym";
				ENABLE_NS_ASSERTIONS = NO;
				ENABLE_STRICT_OBJC_MSGSEND = YES;
				ENABLE_USER_SCRIPT_SANDBOXING = YES;
				GCC_C_LANGUAGE_STANDARD = gnu17;
				GCC_NO_COMMON_BLOCKS = YES;
				GCC_WARN_64_TO_32_BIT_CONVERSION = YES;
				GCC_WARN_ABOUT_RETURN_TYPE = YES_ERROR;
				GCC_WARN_UNDECLARED_SELECTOR = YES;
				GCC_WARN_UNINITIALIZED_AUTOS = YES_AGGRESSIVE;
				GCC_WARN_UNUSED_FUNCTION = YES;
				GCC_WARN_UNUSED_VARIABLE = YES;
				IPHONEOS_DEPLOYMENT_TARGET = 18.0;
				LOCALIZATION_PREFERS_STRING_CATALOGS = YES;
				MTL_ENABLE_DEBUG_INFO = NO;
				MTL_FAST_MATH = YES;
				SDKROOT = iphoneos;
				SWIFT_COMPILATION_MODE = wholemodule;
				VALIDATE_PRODUCT = YES;
			};
			name = Release;
		};
		9CCF23F12DCF455500891AD1 /* Debug */ = {
			isa = XCBuildConfiguration;
			buildSettings = {
				ASSETCATALOG_COMPILER_APPICON_NAME = AppIcon;
				ASSETCATALOG_COMPILER_GLOBAL_ACCENT_COLOR_NAME = AccentColor;
				CODE_SIGN_ENTITLEMENTS = Navsight/Navsight.entitlements;
				CODE_SIGN_STYLE = Automatic;
				CURRENT_PROJECT_VERSION = 1;
				DEVELOPMENT_ASSET_PATHS = "\"Navsight/Preview Content\"";
				DEVELOPMENT_TEAM = 97C62AS2FD;
				ENABLE_PREVIEWS = YES;
				GENERATE_INFOPLIST_FILE = YES;
				INFOPLIST_FILE = Navsight/Info.plist;
				INFOPLIST_KEY_CFBundleDisplayName = Navsight;
				INFOPLIST_KEY_LSApplicationCategoryType = "public.app-category.utilities";
				INFOPLIST_KEY_NSCameraUsageDescription = "Scan QR codes to pair with your ward.";
				INFOPLIST_KEY_NSLocationAlwaysAndWhenInUseUsageDescription = "Allow Navsight to share your location to your guardian.";
				INFOPLIST_KEY_NSLocationAlwaysUsageDescription = "Allow Navsight to share your location to your guardian.";
				INFOPLIST_KEY_NSLocationWhenInUseUsageDescription = "Allow Navsight to share your location to your guardian.";
				INFOPLIST_KEY_UIApplicationSceneManifest_Generation = YES;
				INFOPLIST_KEY_UIApplicationSupportsIndirectInputEvents = YES;
				INFOPLIST_KEY_UILaunchScreen_Generation = YES;
				INFOPLIST_KEY_UISupportedInterfaceOrientations_iPad = "UIInterfaceOrientationPortrait UIInterfaceOrientationPortraitUpsideDown UIInterfaceOrientationLandscapeLeft UIInterfaceOrientationLandscapeRight";
				INFOPLIST_KEY_UISupportedInterfaceOrientations_iPhone = "UIInterfaceOrientationPortrait UIInterfaceOrientationLandscapeLeft UIInterfaceOrientationLandscapeRight";
				LD_RUNPATH_SEARCH_PATHS = (
					"$(inherited)",
					"@executable_path/Frameworks",
				);
				MARKETING_VERSION = 1.0;
				PRODUCT_BUNDLE_IDENTIFIER = com.pixelsnis.Navsight;
				PRODUCT_NAME = "$(TARGET_NAME)";
				SUPPORTED_PLATFORMS = "iphoneos iphonesimulator";
				SUPPORTS_MACCATALYST = NO;
				SUPPORTS_MAC_DESIGNED_FOR_IPHONE_IPAD = NO;
				SUPPORTS_XR_DESIGNED_FOR_IPHONE_IPAD = NO;
				SWIFT_EMIT_LOC_STRINGS = YES;
				SWIFT_VERSION = 5.0;
				TARGETED_DEVICE_FAMILY = 1;
			};
			name = Debug;
		};
		9CCF23F22DCF455500891AD1 /* Release */ = {
			isa = XCBuildConfiguration;
			buildSettings = {
				ASSETCATALOG_COMPILER_APPICON_NAME = AppIcon;
				ASSETCATALOG_COMPILER_GLOBAL_ACCENT_COLOR_NAME = AccentColor;
				CODE_SIGN_ENTITLEMENTS = Navsight/Navsight.entitlements;
				CODE_SIGN_STYLE = Automatic;
				CURRENT_PROJECT_VERSION = 1;
				DEVELOPMENT_ASSET_PATHS = "\"Navsight/Preview Content\"";
				DEVELOPMENT_TEAM = 97C62AS2FD;
				ENABLE_PREVIEWS = YES;
				GENERATE_INFOPLIST_FILE = YES;
				INFOPLIST_FILE = Navsight/Info.plist;
				INFOPLIST_KEY_CFBundleDisplayName = Navsight;
				INFOPLIST_KEY_LSApplicationCategoryType = "public.app-category.utilities";
				INFOPLIST_KEY_NSCameraUsageDescription = "Scan QR codes to pair with your ward.";
				INFOPLIST_KEY_NSLocationAlwaysAndWhenInUseUsageDescription = "Allow Navsight to share your location to your guardian.";
				INFOPLIST_KEY_NSLocationAlwaysUsageDescription = "Allow Navsight to share your location to your guardian.";
				INFOPLIST_KEY_NSLocationWhenInUseUsageDescription = "Allow Navsight to share your location to your guardian.";
				INFOPLIST_KEY_UIApplicationSceneManifest_Generation = YES;
				INFOPLIST_KEY_UIApplicationSupportsIndirectInputEvents = YES;
				INFOPLIST_KEY_UILaunchScreen_Generation = YES;
				INFOPLIST_KEY_UISupportedInterfaceOrientations_iPad = "UIInterfaceOrientationPortrait UIInterfaceOrientationPortraitUpsideDown UIInterfaceOrientationLandscapeLeft UIInterfaceOrientationLandscapeRight";
				INFOPLIST_KEY_UISupportedInterfaceOrientations_iPhone = "UIInterfaceOrientationPortrait UIInterfaceOrientationLandscapeLeft UIInterfaceOrientationLandscapeRight";
				LD_RUNPATH_SEARCH_PATHS = (
					"$(inherited)",
					"@executable_path/Frameworks",
				);
				MARKETING_VERSION = 1.0;
				PRODUCT_BUNDLE_IDENTIFIER = com.pixelsnis.Navsight;
				PRODUCT_NAME = "$(TARGET_NAME)";
				SUPPORTED_PLATFORMS = "iphoneos iphonesimulator";
				SUPPORTS_MACCATALYST = NO;
				SUPPORTS_MAC_DESIGNED_FOR_IPHONE_IPAD = NO;
				SUPPORTS_XR_DESIGNED_FOR_IPHONE_IPAD = NO;
				SWIFT_EMIT_LOC_STRINGS = YES;
				SWIFT_VERSION = 5.0;
				TARGETED_DEVICE_FAMILY = 1;
			};
			name = Release;
		};
/* End XCBuildConfiguration section */

/* Begin XCConfigurationList section */
		9CCF23DD2DCF455400891AD1 /* Build configuration list for PBXProject "Navsight" */ = {
			isa = XCConfigurationList;
			buildConfigurations = (
				9CCF23EE2DCF455500891AD1 /* Debug */,
				9CCF23EF2DCF455500891AD1 /* Release */,
			);
			defaultConfigurationIsVisible = 0;
			defaultConfigurationName = Release;
		};
		9CCF23F02DCF455500891AD1 /* Build configuration list for PBXNativeTarget "Navsight" */ = {
			isa = XCConfigurationList;
			buildConfigurations = (
				9CCF23F12DCF455500891AD1 /* Debug */,
				9CCF23F22DCF455500891AD1 /* Release */,
			);
			defaultConfigurationIsVisible = 0;
			defaultConfigurationName = Release;
		};
/* End XCConfigurationList section */

/* Begin XCRemoteSwiftPackageReference section */
		9C6303B72DD4AF3000301A9C /* XCRemoteSwiftPackageReference "QRCode" */ = {
			isa = XCRemoteSwiftPackageReference;
			repositoryURL = "https://github.com/dagronf/QRCode";
			requirement = {
				kind = upToNextMajorVersion;
				minimumVersion = 26.1.0;
			};
		};
		9CCF23F42DCF488200891AD1 /* XCRemoteSwiftPackageReference "supabase-swift" */ = {
			isa = XCRemoteSwiftPackageReference;
			repositoryURL = "https://github.com/supabase/supabase-swift.git";
			requirement = {
				kind = upToNextMajorVersion;
				minimumVersion = 2.5.1;
			};
		};
/* End XCRemoteSwiftPackageReference section */

/* Begin XCSwiftPackageProductDependency section */
		9C6303B82DD4AF3000301A9C /* QRCode */ = {
			isa = XCSwiftPackageProductDependency;
			package = 9C6303B72DD4AF3000301A9C /* XCRemoteSwiftPackageReference "QRCode" */;
			productName = QRCode;
		};
		9CCF23F52DCF488200891AD1 /* Auth */ = {
			isa = XCSwiftPackageProductDependency;
			package = 9CCF23F42DCF488200891AD1 /* XCRemoteSwiftPackageReference "supabase-swift" */;
			productName = Auth;
		};
		9CCF23F72DCF488200891AD1 /* Realtime */ = {
			isa = XCSwiftPackageProductDependency;
			package = 9CCF23F42DCF488200891AD1 /* XCRemoteSwiftPackageReference "supabase-swift" */;
			productName = Realtime;
		};
		9CCF23F92DCF488200891AD1 /* Supabase */ = {
			isa = XCSwiftPackageProductDependency;
			package = 9CCF23F42DCF488200891AD1 /* XCRemoteSwiftPackageReference "supabase-swift" */;
			productName = Supabase;
		};
/* End XCSwiftPackageProductDependency section */
	};
	rootObject = 9CCF23DA2DCF455400891AD1 /* Project object */;
}
